// !$*UTF8*$!
{
	archiveVersion = 1;
	classes = {
	};
	objectVersion = 46;
	objects = {

/* Begin PBXBuildFile section */
		6BDA9ABB1D69A72000E3A5D9 /* AppDelegate.swift in Sources */ = {isa = PBXBuildFile; fileRef = 6BDA9ABA1D69A72000E3A5D9 /* AppDelegate.swift */; };
		6BDA9ABD1D69A72000E3A5D9 /* ViewController.swift in Sources */ = {isa = PBXBuildFile; fileRef = 6BDA9ABC1D69A72000E3A5D9 /* ViewController.swift */; };
		6BDA9AC01D69A72000E3A5D9 /* Main.storyboard in Resources */ = {isa = PBXBuildFile; fileRef = 6BDA9ABE1D69A72000E3A5D9 /* Main.storyboard */; };
		6BDA9AC21D69A72000E3A5D9 /* Assets.xcassets in Resources */ = {isa = PBXBuildFile; fileRef = 6BDA9AC11D69A72000E3A5D9 /* Assets.xcassets */; };
		6BDA9AC51D69A72000E3A5D9 /* LaunchScreen.storyboard in Resources */ = {isa = PBXBuildFile; fileRef = 6BDA9AC31D69A72000E3A5D9 /* LaunchScreen.storyboard */; };
		6BDA9AD01D69A72000E3A5D9 /* WeiboTests.swift in Sources */ = {isa = PBXBuildFile; fileRef = 6BDA9ACF1D69A72000E3A5D9 /* WeiboTests.swift */; };
/* End PBXBuildFile section */

/* Begin PBXContainerItemProxy section */
		6BDA9ACC1D69A72000E3A5D9 /* PBXContainerItemProxy */ = {
			isa = PBXContainerItemProxy;
			containerPortal = 6BDA9AAF1D69A72000E3A5D9 /* Project object */;
			proxyType = 1;
			remoteGlobalIDString = 6BDA9AB61D69A72000E3A5D9;
			remoteInfo = Weibo;
		};
/* End PBXContainerItemProxy section */

/* Begin PBXFileReference section */
		6BDA9AB71D69A72000E3A5D9 /* Weibo.app */ = {isa = PBXFileReference; explicitFileType = wrapper.application; includeInIndex = 0; path = Weibo.app; sourceTree = BUILT_PRODUCTS_DIR; };
		6BDA9ABA1D69A72000E3A5D9 /* AppDelegate.swift */ = {isa = PBXFileReference; lastKnownFileType = sourcecode.swift; path = AppDelegate.swift; sourceTree = "<group>"; };
		6BDA9ABC1D69A72000E3A5D9 /* ViewController.swift */ = {isa = PBXFileReference; lastKnownFileType = sourcecode.swift; path = ViewController.swift; sourceTree = "<group>"; };
		6BDA9ABF1D69A72000E3A5D9 /* Base */ = {isa = PBXFileReference; lastKnownFileType = file.storyboard; name = Base; path = Base.lproj/Main.storyboard; sourceTree = "<group>"; };
		6BDA9AC11D69A72000E3A5D9 /* Assets.xcassets */ = {isa = PBXFileReference; lastKnownFileType = folder.assetcatalog; path = Assets.xcassets; sourceTree = "<group>"; };
		6BDA9AC41D69A72000E3A5D9 /* Base */ = {isa = PBXFileReference; lastKnownFileType = file.storyboard; name = Base; path = Base.lproj/LaunchScreen.storyboard; sourceTree = "<group>"; };
		6BDA9AC61D69A72000E3A5D9 /* Info.plist */ = {isa = PBXFileReference; lastKnownFileType = text.plist.xml; path = Info.plist; sourceTree = "<group>"; };
		6BDA9ACB1D69A72000E3A5D9 /* WeiboTests.xctest */ = {isa = PBXFileReference; explicitFileType = wrapper.cfbundle; includeInIndex = 0; path = WeiboTests.xctest; sourceTree = BUILT_PRODUCTS_DIR; };
		6BDA9ACF1D69A72000E3A5D9 /* WeiboTests.swift */ = {isa = PBXFileReference; lastKnownFileType = sourcecode.swift; path = WeiboTests.swift; sourceTree = "<group>"; };
		6BDA9AD11D69A72000E3A5D9 /* Info.plist */ = {isa = PBXFileReference; lastKnownFileType = text.plist.xml; path = Info.plist; sourceTree = "<group>"; };
/* End PBXFileReference section */

/* Begin PBXFrameworksBuildPhase section */
		6BDA9AB41D69A72000E3A5D9 /* Frameworks */ = {
			isa = PBXFrameworksBuildPhase;
			buildActionMask = 2147483647;
			files = (
			);
			runOnlyForDeploymentPostprocessing = 0;
		};
		6BDA9AC81D69A72000E3A5D9 /* Frameworks */ = {
			isa = PBXFrameworksBuildPhase;
			buildActionMask = 2147483647;
			files = (
			);
			runOnlyForDeploymentPostprocessing = 0;
		};
/* End PBXFrameworksBuildPhase section */

/* Begin PBXGroup section */
		6BDA9AAE1D69A72000E3A5D9 = {
			isa = PBXGroup;
			children = (
				6BDA9AB91D69A72000E3A5D9 /* Weibo */,
				6BDA9ACE1D69A72000E3A5D9 /* WeiboTests */,
				6BDA9AB81D69A72000E3A5D9 /* Products */,
			);
			sourceTree = "<group>";
		};
		6BDA9AB81D69A72000E3A5D9 /* Products */ = {
			isa = PBXGroup;
			children = (
				6BDA9AB71D69A72000E3A5D9 /* Weibo.app */,
				6BDA9ACB1D69A72000E3A5D9 /* WeiboTests.xctest */,
			);
			name = Products;
			sourceTree = "<group>";
		};
		6BDA9AB91D69A72000E3A5D9 /* Weibo */ = {
			isa = PBXGroup;
			children = (
				6BDA9ABA1D69A72000E3A5D9 /* AppDelegate.swift */,
				6BDA9ABC1D69A72000E3A5D9 /* ViewController.swift */,
				6BDA9ABE1D69A72000E3A5D9 /* Main.storyboard */,
				6BDA9AC11D69A72000E3A5D9 /* Assets.xcassets */,
				6BDA9AC31D69A72000E3A5D9 /* LaunchScreen.storyboard */,
				6BDA9AC61D69A72000E3A5D9 /* Info.plist */,
			);
			path = Weibo;
			sourceTree = "<group>";
		};
		6BDA9ACE1D69A72000E3A5D9 /* WeiboTests */ = {
			isa = PBXGroup;
			children = (
				6BDA9ACF1D69A72000E3A5D9 /* WeiboTests.swift */,
				6BDA9AD11D69A72000E3A5D9 /* Info.plist */,
			);
			path = WeiboTests;
			sourceTree = "<group>";
		};
/* End PBXGroup section */

/* Begin PBXNativeTarget section */
		6BDA9AB61D69A72000E3A5D9 /* Weibo */ = {
			isa = PBXNativeTarget;
			buildConfigurationList = 6BDA9AD41D69A72000E3A5D9 /* Build configuration list for PBXNativeTarget "Weibo" */;
			buildPhases = (
				6BDA9AB31D69A72000E3A5D9 /* Sources */,
				6BDA9AB41D69A72000E3A5D9 /* Frameworks */,
				6BDA9AB51D69A72000E3A5D9 /* Resources */,
			);
			buildRules = (
			);
			dependencies = (
			);
			name = Weibo;
			productName = Weibo;
			productReference = 6BDA9AB71D69A72000E3A5D9 /* Weibo.app */;
			productType = "com.apple.product-type.application";
		};
		6BDA9ACA1D69A72000E3A5D9 /* WeiboTests */ = {
			isa = PBXNativeTarget;
			buildConfigurationList = 6BDA9AD71D69A72000E3A5D9 /* Build configuration list for PBXNativeTarget "WeiboTests" */;
			buildPhases = (
				6BDA9AC71D69A72000E3A5D9 /* Sources */,
				6BDA9AC81D69A72000E3A5D9 /* Frameworks */,
				6BDA9AC91D69A72000E3A5D9 /* Resources */,
			);
			buildRules = (
			);
			dependencies = (
				6BDA9ACD1D69A72000E3A5D9 /* PBXTargetDependency */,
			);
			name = WeiboTests;
			productName = WeiboTests;
			productReference = 6BDA9ACB1D69A72000E3A5D9 /* WeiboTests.xctest */;
			productType = "com.apple.product-type.bundle.unit-test";
		};
/* End PBXNativeTarget section */

/* Begin PBXProject section */
		6BDA9AAF1D69A72000E3A5D9 /* Project object */ = {
			isa = PBXProject;
			attributes = {
				LastSwiftUpdateCheck = 0800;
				LastUpgradeCheck = 0800;
				ORGANIZATIONNAME = CJS;
				TargetAttributes = {
					6BDA9AB61D69A72000E3A5D9 = {
						CreatedOnToolsVersion = 8.0;
						DevelopmentTeam = F5P6V7KTJ7;
						ProvisioningStyle = Automatic;
					};
					6BDA9ACA1D69A72000E3A5D9 = {
						CreatedOnToolsVersion = 8.0;
						DevelopmentTeam = F5P6V7KTJ7;
						ProvisioningStyle = Automatic;
						TestTargetID = 6BDA9AB61D69A72000E3A5D9;
					};
				};
			};
			buildConfigurationList = 6BDA9AB21D69A72000E3A5D9 /* Build configuration list for PBXProject "Weibo" */;
			compatibilityVersion = "Xcode 3.2";
			developmentRegion = English;
			hasScannedForEncodings = 0;
			knownRegions = (
				en,
				Base,
			);
			mainGroup = 6BDA9AAE1D69A72000E3A5D9;
			productRefGroup = 6BDA9AB81D69A72000E3A5D9 /* Products */;
			projectDirPath = "";
			projectRoot = "";
			targets = (
				6BDA9AB61D69A72000E3A5D9 /* Weibo */,
				6BDA9ACA1D69A72000E3A5D9 /* WeiboTests */,
			);
		};
/* End PBXProject section */

/* Begin PBXResourcesBuildPhase section */
		6BDA9AB51D69A72000E3A5D9 /* Resources */ = {
			isa = PBXResourcesBuildPhase;
			buildActionMask = 2147483647;
			files = (
				6BDA9AC51D69A72000E3A5D9 /* LaunchScreen.storyboard in Resources */,
				6BDA9AC21D69A72000E3A5D9 /* Assets.xcassets in Resources */,
				6BDA9AC01D69A72000E3A5D9 /* Main.storyboard in Resources */,
			);
			runOnlyForDeploymentPostprocessing = 0;
		};
		6BDA9AC91D69A72000E3A5D9 /* Resources */ = {
			isa = PBXResourcesBuildPhase;
			buildActionMask = 2147483647;
			files = (
			);
			runOnlyForDeploymentPostprocessing = 0;
		};
/* End PBXResourcesBuildPhase section */

/* Begin PBXSourcesBuildPhase section */
		6BDA9AB31D69A72000E3A5D9 /* Sources */ = {
			isa = PBXSourcesBuildPhase;
			buildActionMask = 2147483647;
			files = (
				6BDA9ABD1D69A72000E3A5D9 /* ViewController.swift in Sources */,
				6BDA9ABB1D69A72000E3A5D9 /* AppDelegate.swift in Sources */,
			);
			runOnlyForDeploymentPostprocessing = 0;
		};
		6BDA9AC71D69A72000E3A5D9 /* Sources */ = {
			isa = PBXSourcesBuildPhase;
			buildActionMask = 2147483647;
			files = (
				6BDA9AD01D69A72000E3A5D9 /* WeiboTests.swift in Sources */,
			);
			runOnlyForDeploymentPostprocessing = 0;
		};
/* End PBXSourcesBuildPhase section */

/* Begin PBXTargetDependency section */
		6BDA9ACD1D69A72000E3A5D9 /* PBXTargetDependency */ = {
			isa = PBXTargetDependency;
			target = 6BDA9AB61D69A72000E3A5D9 /* Weibo */;
			targetProxy = 6BDA9ACC1D69A72000E3A5D9 /* PBXContainerItemProxy */;
		};
/* End PBXTargetDependency section */

/* Begin PBXVariantGroup section */
		6BDA9ABE1D69A72000E3A5D9 /* Main.storyboard */ = {
			isa = PBXVariantGroup;
			children = (
				6BDA9ABF1D69A72000E3A5D9 /* Base */,
			);
			name = Main.storyboard;
			sourceTree = "<group>";
		};
		6BDA9AC31D69A72000E3A5D9 /* LaunchScreen.storyboard */ = {
			isa = PBXVariantGroup;
			children = (
				6BDA9AC41D69A72000E3A5D9 /* Base */,
			);
			name = LaunchScreen.storyboard;
			sourceTree = "<group>";
		};
/* End PBXVariantGroup section */

/* Begin XCBuildConfiguration section */
		6BDA9AD21D69A72000E3A5D9 /* Debug */ = {
			isa = XCBuildConfiguration;
			buildSettings = {
				ALWAYS_SEARCH_USER_PATHS = NO;
				CLANG_ANALYZER_NONNULL = YES;
				CLANG_CXX_LANGUAGE_STANDARD = "gnu++0x";
				CLANG_CXX_LIBRARY = "libc++";
				CLANG_ENABLE_MODULES = YES;
				CLANG_ENABLE_OBJC_ARC = YES;
				CLANG_WARN_BOOL_CONVERSION = YES;
				CLANG_WARN_CONSTANT_CONVERSION = YES;
				CLANG_WARN_DIRECT_OBJC_ISA_USAGE = YES_ERROR;
				CLANG_WARN_DOCUMENTATION_COMMENTS = YES;
				CLANG_WARN_EMPTY_BODY = YES;
				CLANG_WARN_ENUM_CONVERSION = YES;
				CLANG_WARN_INFINITE_RECURSION = YES;
				CLANG_WARN_INT_CONVERSION = YES;
				CLANG_WARN_OBJC_ROOT_CLASS = YES_ERROR;
				CLANG_WARN_SUSPICIOUS_MOVES = YES;
				CLANG_WARN_UNREACHABLE_CODE = YES;
				CLANG_WARN__DUPLICATE_METHOD_MATCH = YES;
				"CODE_SIGN_IDENTITY[sdk=iphoneos*]" = "iPhone Developer";
				COPY_PHASE_STRIP = NO;
				DEBUG_INFORMATION_FORMAT = dwarf;
				ENABLE_STRICT_OBJC_MSGSEND = YES;
				ENABLE_TESTABILITY = YES;
				GCC_C_LANGUAGE_STANDARD = gnu99;
				GCC_DYNAMIC_NO_PIC = NO;
				GCC_NO_COMMON_BLOCKS = YES;
				GCC_OPTIMIZATION_LEVEL = 0;
				GCC_PREPROCESSOR_DEFINITIONS = (
					"DEBUG=1",
					"$(inherited)",
				);
				GCC_WARN_64_TO_32_BIT_CONVERSION = YES;
				GCC_WARN_ABOUT_RETURN_TYPE = YES_ERROR;
				GCC_WARN_UNDECLARED_SELECTOR = YES;
				GCC_WARN_UNINITIALIZED_AUTOS = YES_AGGRESSIVE;
				GCC_WARN_UNUSED_FUNCTION = YES;
				GCC_WARN_UNUSED_VARIABLE = YES;
				IPHONEOS_DEPLOYMENT_TARGET = 10.0;
				MTL_ENABLE_DEBUG_INFO = YES;
				ONLY_ACTIVE_ARCH = YES;
				SDKROOT = iphoneos;
				SWIFT_ACTIVE_COMPILATION_CONDITIONS = DEBUG;
				SWIFT_OPTIMIZATION_LEVEL = "-Onone";
			};
			name = Debug;
		};
		6BDA9AD31D69A72000E3A5D9 /* Release */ = {
			isa = XCBuildConfiguration;
			buildSettings = {
				ALWAYS_SEARCH_USER_PATHS = NO;
				CLANG_ANALYZER_NONNULL = YES;
				CLANG_CXX_LANGUAGE_STANDARD = "gnu++0x";
				CLANG_CXX_LIBRARY = "libc++";
				CLANG_ENABLE_MODULES = YES;
				CLANG_ENABLE_OBJC_ARC = YES;
				CLANG_WARN_BOOL_CONVERSION = YES;
				CLANG_WARN_CONSTANT_CONVERSION = YES;
				CLANG_WARN_DIRECT_OBJC_ISA_USAGE = YES_ERROR;
				CLANG_WARN_DOCUMENTATION_COMMENTS = YES;
				CLANG_WARN_EMPTY_BODY = YES;
				CLANG_WARN_ENUM_CONVERSION = YES;
				CLANG_WARN_INFINITE_RECURSION = YES;
				CLANG_WARN_INT_CONVERSION = YES;
				CLANG_WARN_OBJC_ROOT_CLASS = YES_ERROR;
				CLANG_WARN_SUSPICIOUS_MOVES = YES;
				CLANG_WARN_UNREACHABLE_CODE = YES;
				CLANG_WARN__DUPLICATE_METHOD_MATCH = YES;
				"CODE_SIGN_IDENTITY[sdk=iphoneos*]" = "iPhone Developer";
				COPY_PHASE_STRIP = NO;
				DEBUG_INFORMATION_FORMAT = "dwarf-with-dsym";
				ENABLE_NS_ASSERTIONS = NO;
				ENABLE_STRICT_OBJC_MSGSEND = YES;
				GCC_C_LANGUAGE_STANDARD = gnu99;
				GCC_NO_COMMON_BLOCKS = YES;
				GCC_WARN_64_TO_32_BIT_CONVERSION = YES;
				GCC_WARN_ABOUT_RETURN_TYPE = YES_ERROR;
				GCC_WARN_UNDECLARED_SELECTOR = YES;
				GCC_WARN_UNINITIALIZED_AUTOS = YES_AGGRESSIVE;
				GCC_WARN_UNUSED_FUNCTION = YES;
				GCC_WARN_UNUSED_VARIABLE = YES;
				IPHONEOS_DEPLOYMENT_TARGET = 10.0;
				MTL_ENABLE_DEBUG_INFO = NO;
				SDKROOT = iphoneos;
				SWIFT_OPTIMIZATION_LEVEL = "-Owholemodule";
				VALIDATE_PRODUCT = YES;
			};
			name = Release;
		};
		6BDA9AD51D69A72000E3A5D9 /* Debug */ = {
			isa = XCBuildConfiguration;
			buildSettings = {
				ASSETCATALOG_COMPILER_APPICON_NAME = AppIcon;
				DEVELOPMENT_TEAM = F5P6V7KTJ7;
				INFOPLIST_FILE = Weibo/Info.plist;
				LD_RUNPATH_SEARCH_PATHS = "$(inherited) @executable_path/Frameworks";
				PRODUCT_BUNDLE_IDENTIFIER = com.github.changjiashuai.Weibo;
				PRODUCT_NAME = "$(TARGET_NAME)";
				SWIFT_VERSION = 3.0;
			};
			name = Debug;
		};
		6BDA9AD61D69A72000E3A5D9 /* Release */ = {
			isa = XCBuildConfiguration;
			buildSettings = {
				ASSETCATALOG_COMPILER_APPICON_NAME = AppIcon;
				DEVELOPMENT_TEAM = F5P6V7KTJ7;
				INFOPLIST_FILE = Weibo/Info.plist;
				LD_RUNPATH_SEARCH_PATHS = "$(inherited) @executable_path/Frameworks";
				PRODUCT_BUNDLE_IDENTIFIER = com.github.changjiashuai.Weibo;
				PRODUCT_NAME = "$(TARGET_NAME)";
				SWIFT_VERSION = 3.0;
			};
			name = Release;
		};
		6BDA9AD81D69A72000E3A5D9 /* Debug */ = {
			isa = XCBuildConfiguration;
			buildSettings = {
				ALWAYS_EMBED_SWIFT_STANDARD_LIBRARIES = YES;
				BUNDLE_LOADER = "$(TEST_HOST)";
				DEVELOPMENT_TEAM = F5P6V7KTJ7;
				INFOPLIST_FILE = WeiboTests/Info.plist;
				LD_RUNPATH_SEARCH_PATHS = "$(inherited) @executable_path/Frameworks @loader_path/Frameworks";
				PRODUCT_BUNDLE_IDENTIFIER = com.github.changjiashuai.WeiboTests;
				PRODUCT_NAME = "$(TARGET_NAME)";
				SWIFT_VERSION = 3.0;
				TEST_HOST = "$(BUILT_PRODUCTS_DIR)/Weibo.app/Weibo";
			};
			name = Debug;
		};
		6BDA9AD91D69A72000E3A5D9 /* Release */ = {
			isa = XCBuildConfiguration;
			buildSettings = {
				ALWAYS_EMBED_SWIFT_STANDARD_LIBRARIES = YES;
				BUNDLE_LOADER = "$(TEST_HOST)";
				DEVELOPMENT_TEAM = F5P6V7KTJ7;
				INFOPLIST_FILE = WeiboTests/Info.plist;
				LD_RUNPATH_SEARCH_PATHS = "$(inherited) @executable_path/Frameworks @loader_path/Frameworks";
				PRODUCT_BUNDLE_IDENTIFIER = com.github.changjiashuai.WeiboTests;
				PRODUCT_NAME = "$(TARGET_NAME)";
				SWIFT_VERSION = 3.0;
				TEST_HOST = "$(BUILT_PRODUCTS_DIR)/Weibo.app/Weibo";
			};
			name = Release;
		};
/* End XCBuildConfiguration section */

/* Begin XCConfigurationList section */
		6BDA9AB21D69A72000E3A5D9 /* Build configuration list for PBXProject "Weibo" */ = {
			isa = XCConfigurationList;
			buildConfigurations = (
				6BDA9AD21D69A72000E3A5D9 /* Debug */,
				6BDA9AD31D69A72000E3A5D9 /* Release */,
			);
			defaultConfigurationIsVisible = 0;
			defaultConfigurationName = Release;
		};
		6BDA9AD41D69A72000E3A5D9 /* Build configuration list for PBXNativeTarget "Weibo" */ = {
			isa = XCConfigurationList;
			buildConfigurations = (
				6BDA9AD51D69A72000E3A5D9 /* Debug */,
				6BDA9AD61D69A72000E3A5D9 /* Release */,
			);
			defaultConfigurationIsVisible = 0;
		};
		6BDA9AD71D69A72000E3A5D9 /* Build configuration list for PBXNativeTarget "WeiboTests" */ = {
			isa = XCConfigurationList;
			buildConfigurations = (
				6BDA9AD81D69A72000E3A5D9 /* Debug */,
				6BDA9AD91D69A72000E3A5D9 /* Release */,
			);
			defaultConfigurationIsVisible = 0;
		};
/* End XCConfigurationList section */
	};
	rootObject = 6BDA9AAF1D69A72000E3A5D9 /* Project object */;
}
